
Microsoft Visual Studio Solution File, Format Version 12.00
# Visual Studio 15
VisualStudioVersion = 15.0.28307.421
MinimumVisualStudioVersion = 10.0.40219.1
Project("{FAE04EC0-301F-11D3-BF4B-00C04F79EFBC}") = "BubbleSort_Exercise", "BubbleSort_Exercise\BubbleSort_Exercise.csproj", "{AD9B18C1-DD97-4326-83DE-AB5D21E2EF0C}"
EndProject
Global
	GlobalSection(SolutionConfigurationPlatforms) = preSolution
		Debug|Any CPU = Debug|Any CPU
		Release|Any CPU = Release|Any CPU
	EndGlobalSection
	GlobalSection(ProjectConfigurationPlatforms) = postSolution
		{AD9B18C1-DD97-4326-83DE-AB5D21E2EF0C}.Debug|Any CPU.ActiveCfg = Debug|Any CPU
		{AD9B18C1-DD97-4326-83DE-AB5D21E2EF0C}.Debug|Any CPU.Build.0 = Debug|Any CPU
		{AD9B18C1-DD97-4326-83DE-AB5D21E2EF0C}.Release|Any CPU.ActiveCfg = Release|Any CPU
		{AD9B18C1-DD97-4326-83DE-AB5D21E2EF0C}.Release|Any CPU.Build.0 = Release|Any CPU
	EndGlobalSection
	GlobalSection(SolutionProperties) = preSolution
		HideSolutionNode = FALSE
	EndGlobalSection
	GlobalSection(ExtensibilityGlobals) = postSolution
		SolutionGuid = {DAF04D48-1070-4089-BDD1-676AC390910E}
	EndGlobalSection
EndGlobal
